
Microsoft Visual Studio Solution File, Format Version 12.00
# Visual Studio Version 16
VisualStudioVersion = 16.0.33328.57
MinimumVisualStudioVersion = 10.0.40219.1
Project("{8BC9CEB8-8B4A-11D0-8D11-00A0C91BC942}") = "monkey-luau", "monkey-luau\monkey-luau.vcxproj", "{661E209B-3A16-4253-8D76-1382D11E5853}"
EndProject
Global
	GlobalSection(SolutionConfigurationPlatforms) = preSolution
		Debug|x64 = Debug|x64
		Debug|x86 = Debug|x86
		Release|x64 = Release|x64
		Release|x86 = Release|x86
	EndGlobalSection
	GlobalSection(ProjectConfigurationPlatforms) = postSolution
		{661E209B-3A16-4253-8D76-1382D11E5853}.Debug|x64.ActiveCfg = Debug|x64
		{661E209B-3A16-4253-8D76-1382D11E5853}.Debug|x64.Build.0 = Debug|x64
		{661E209B-3A16-4253-8D76-1382D11E5853}.Debug|x86.ActiveCfg = Debug|Win32
		{661E209B-3A16-4253-8D76-1382D11E5853}.Debug|x86.Build.0 = Debug|Win32
		{661E209B-3A16-4253-8D76-1382D11E5853}.Release|x64.ActiveCfg = Release|x64
		{661E209B-3A16-4253-8D76-1382D11E5853}.Release|x64.Build.0 = Release|x64
		{661E209B-3A16-4253-8D76-1382D11E5853}.Release|x86.ActiveCfg = Release|Win32
		{661E209B-3A16-4253-8D76-1382D11E5853}.Release|x86.Build.0 = Release|Win32
	EndGlobalSection
	GlobalSection(SolutionProperties) = preSolution
		HideSolutionNode = FALSE
	EndGlobalSection
	GlobalSection(ExtensibilityGlobals) = postSolution
		SolutionGuid = {F6ABF736-1094-438D-B81F-DEE42B0562BF}
	EndGlobalSection
EndGlobal
